
Microsoft Visual Studio Solution File, Format Version 12.00
# Visual Studio Version 17
VisualStudioVersion = 17.8.34511.84
MinimumVisualStudioVersion = 10.0.40219.1
Project("{FAE04EC0-301F-11D3-BF4B-00C04F79EFBC}") = "Dapper_Crud", "Dapper_Crud\Dapper_Crud.csproj", "{E1FE01DD-1DB5-4520-A591-BF2326B6B676}"
EndProject
Global
	GlobalSection(SolutionConfigurationPlatforms) = preSolution
		Debug|Any CPU = Debug|Any CPU
		Release|Any CPU = Release|Any CPU
	EndGlobalSection
	GlobalSection(ProjectConfigurationPlatforms) = postSolution
		{E1FE01DD-1DB5-4520-A591-BF2326B6B676}.Debug|Any CPU.ActiveCfg = Debug|Any CPU
		{E1FE01DD-1DB5-4520-A591-BF2326B6B676}.Debug|Any CPU.Build.0 = Debug|Any CPU
		{E1FE01DD-1DB5-4520-A591-BF2326B6B676}.Release|Any CPU.ActiveCfg = Release|Any CPU
		{E1FE01DD-1DB5-4520-A591-BF2326B6B676}.Release|Any CPU.Build.0 = Release|Any CPU
	EndGlobalSection
	GlobalSection(SolutionProperties) = preSolution
		HideSolutionNode = FALSE
	EndGlobalSection
	GlobalSection(ExtensibilityGlobals) = postSolution
		SolutionGuid = {1AFD4A05-4EDD-4078-8B5D-241BA4CD5F60}
	EndGlobalSection
EndGlobal
